{
  "name": "peacetrue-formik",
  "version": "0.0.6",
  "lockfileVersion": 1,
  "requires": true,
  "dependencies": {
    "peacetrue-httpclient": {
      "version": "0.0.5",
      "resolved": "https://registry.npmjs.org/peacetrue-httpclient/-/peacetrue-httpclient-0.0.5.tgz",
      "integrity": "sha512-IjMQ8hc1edvYlVXc5PItu3d7VQUeNM7vFcJONRQyD5DC6yuqKZx6CWNmuliV/mgxjndZgxSj1IW36tQg30rVAw==",
      "requires": {
        "qs": "^6.9.1"
      }
    },
    "qs": {
      "version": "6.9.3",
      "resolved": "https://registry.npmjs.org/qs/-/qs-6.9.3.tgz",
      "integrity": "sha512-EbZYNarm6138UKKq46tdx08Yo/q9ZhFoAXAI1meAFd2GtbRDhbZY2WQSICskT0c5q99aFzLG1D4nvTk9tqfXIw=="
    }
  }
}
